
Microsoft Visual Studio Solution File, Format Version 12.00
# Visual Studio Version 17
VisualStudioVersion = 17.11.35303.130
MinimumVisualStudioVersion = 10.0.40219.1
Project("{FAE04EC0-301F-11D3-BF4B-00C04F79EFBC}") = "Programmierauftrag3", "Programmierauftrag3\Programmierauftrag3.csproj", "{3C19F99D-FDB4-48CE-86AE-BF2CF5BDBABF}"
EndProject
Global
	GlobalSection(SolutionConfigurationPlatforms) = preSolution
		Debug|Any CPU = Debug|Any CPU
		Release|Any CPU = Release|Any CPU
	EndGlobalSection
	GlobalSection(ProjectConfigurationPlatforms) = postSolution
		{3C19F99D-FDB4-48CE-86AE-BF2CF5BDBABF}.Debug|Any CPU.ActiveCfg = Debug|Any CPU
		{3C19F99D-FDB4-48CE-86AE-BF2CF5BDBABF}.Debug|Any CPU.Build.0 = Debug|Any CPU
		{3C19F99D-FDB4-48CE-86AE-BF2CF5BDBABF}.Release|Any CPU.ActiveCfg = Release|Any CPU
		{3C19F99D-FDB4-48CE-86AE-BF2CF5BDBABF}.Release|Any CPU.Build.0 = Release|Any CPU
	EndGlobalSection
	GlobalSection(SolutionProperties) = preSolution
		HideSolutionNode = FALSE
	EndGlobalSection
	GlobalSection(ExtensibilityGlobals) = postSolution
		SolutionGuid = {D2CC3156-529E-4BD8-8DBC-A38BD6061540}
	EndGlobalSection
EndGlobal
