
Microsoft Visual Studio Solution File, Format Version 12.00
# Visual Studio Version 17
VisualStudioVersion = 17.11.35303.130
MinimumVisualStudioVersion = 10.0.40219.1
Project("{FAE04EC0-301F-11D3-BF4B-00C04F79EFBC}") = "Programmierauftrag4", "Programmierauftrag4\Programmierauftrag4.csproj", "{01A73811-47F9-48E5-BE9A-32D22251DAC8}"
EndProject
Global
	GlobalSection(SolutionConfigurationPlatforms) = preSolution
		Debug|Any CPU = Debug|Any CPU
		Release|Any CPU = Release|Any CPU
	EndGlobalSection
	GlobalSection(ProjectConfigurationPlatforms) = postSolution
		{01A73811-47F9-48E5-BE9A-32D22251DAC8}.Debug|Any CPU.ActiveCfg = Debug|Any CPU
		{01A73811-47F9-48E5-BE9A-32D22251DAC8}.Debug|Any CPU.Build.0 = Debug|Any CPU
		{01A73811-47F9-48E5-BE9A-32D22251DAC8}.Release|Any CPU.ActiveCfg = Release|Any CPU
		{01A73811-47F9-48E5-BE9A-32D22251DAC8}.Release|Any CPU.Build.0 = Release|Any CPU
	EndGlobalSection
	GlobalSection(SolutionProperties) = preSolution
		HideSolutionNode = FALSE
	EndGlobalSection
	GlobalSection(ExtensibilityGlobals) = postSolution
		SolutionGuid = {E1AB46C1-F5C6-4870-855E-1D38B9861957}
	EndGlobalSection
EndGlobal
