
Microsoft Visual Studio Solution File, Format Version 12.00
# Visual Studio Version 17
VisualStudioVersion = 17.11.35303.130
MinimumVisualStudioVersion = 10.0.40219.1
Project("{FAE04EC0-301F-11D3-BF4B-00C04F79EFBC}") = "Programmierübung1", "Programmierübung1\Programmierübung1.csproj", "{F7505068-3383-4D54-A9D9-002AFD0F5604}"
EndProject
Global
	GlobalSection(SolutionConfigurationPlatforms) = preSolution
		Debug|Any CPU = Debug|Any CPU
		Release|Any CPU = Release|Any CPU
	EndGlobalSection
	GlobalSection(ProjectConfigurationPlatforms) = postSolution
		{F7505068-3383-4D54-A9D9-002AFD0F5604}.Debug|Any CPU.ActiveCfg = Debug|Any CPU
		{F7505068-3383-4D54-A9D9-002AFD0F5604}.Debug|Any CPU.Build.0 = Debug|Any CPU
		{F7505068-3383-4D54-A9D9-002AFD0F5604}.Release|Any CPU.ActiveCfg = Release|Any CPU
		{F7505068-3383-4D54-A9D9-002AFD0F5604}.Release|Any CPU.Build.0 = Release|Any CPU
	EndGlobalSection
	GlobalSection(SolutionProperties) = preSolution
		HideSolutionNode = FALSE
	EndGlobalSection
	GlobalSection(ExtensibilityGlobals) = postSolution
		SolutionGuid = {68B4510B-B4F1-4AE5-BF83-8935F10183B5}
	EndGlobalSection
EndGlobal
